
Microsoft Visual Studio Solution File, Format Version 12.00
# Visual Studio Version 17
VisualStudioVersion = 17.11.35431.28
MinimumVisualStudioVersion = 10.0.40219.1
Project("{FAE04EC0-301F-11D3-BF4B-00C04F79EFBC}") = "HorseBase", "HorseBase\HorseBase.csproj", "{42D7A114-AE19-486F-A210-10D35EEA2C16}"
EndProject
Global
	GlobalSection(SolutionConfigurationPlatforms) = preSolution
		Debug|Any CPU = Debug|Any CPU
		Release|Any CPU = Release|Any CPU
	EndGlobalSection
	GlobalSection(ProjectConfigurationPlatforms) = postSolution
		{42D7A114-AE19-486F-A210-10D35EEA2C16}.Debug|Any CPU.ActiveCfg = Debug|Any CPU
		{42D7A114-AE19-486F-A210-10D35EEA2C16}.Debug|Any CPU.Build.0 = Debug|Any CPU
		{42D7A114-AE19-486F-A210-10D35EEA2C16}.Release|Any CPU.ActiveCfg = Release|Any CPU
		{42D7A114-AE19-486F-A210-10D35EEA2C16}.Release|Any CPU.Build.0 = Release|Any CPU
	EndGlobalSection
	GlobalSection(SolutionProperties) = preSolution
		HideSolutionNode = FALSE
	EndGlobalSection
	GlobalSection(ExtensibilityGlobals) = postSolution
		SolutionGuid = {1EB4F139-9C95-4A04-B00A-D5E4EE5D949F}
	EndGlobalSection
EndGlobal
